
Microsoft Visual Studio Solution File, Format Version 12.00
# Visual Studio Version 17
VisualStudioVersion = 17.14.36623.8
MinimumVisualStudioVersion = 10.0.40219.1
Project("{FAE04EC0-301F-11D3-BF4B-00C04F79EFBC}") = "EscapeSimulator2_TokenTracer", "EscapeSimulator2_TokenTracer.csproj", "{53DFEE92-6876-4816-852A-2267E9CB772E}"
EndProject
Global
	GlobalSection(SolutionConfigurationPlatforms) = preSolution
		Debug|Any CPU = Debug|Any CPU
		Release|Any CPU = Release|Any CPU
	EndGlobalSection
	GlobalSection(ProjectConfigurationPlatforms) = postSolution
		{53DFEE92-6876-4816-852A-2267E9CB772E}.Debug|Any CPU.ActiveCfg = Debug|Any CPU
		{53DFEE92-6876-4816-852A-2267E9CB772E}.Debug|Any CPU.Build.0 = Debug|Any CPU
		{53DFEE92-6876-4816-852A-2267E9CB772E}.Release|Any CPU.ActiveCfg = Release|Any CPU
		{53DFEE92-6876-4816-852A-2267E9CB772E}.Release|Any CPU.Build.0 = Release|Any CPU
	EndGlobalSection
	GlobalSection(SolutionProperties) = preSolution
		HideSolutionNode = FALSE
	EndGlobalSection
	GlobalSection(ExtensibilityGlobals) = postSolution
		SolutionGuid = {85510BC0-2DA5-44DB-A362-1452640F61DB}
	EndGlobalSection
EndGlobal
